// !$*UTF8*$!
{
	archiveVersion = 1;
	classes = {
	};
	objectVersion = 50;
	objects = {

/* Begin PBXBuildFile section */
		1858B75922C26E5100052A75 /* AppDelegate.swift in Sources */ = {isa = PBXBuildFile; fileRef = 1858B75822C26E5100052A75 /* AppDelegate.swift */; };
		1858B75B22C26E5100052A75 /* ViewController.swift in Sources */ = {isa = PBXBuildFile; fileRef = 1858B75A22C26E5100052A75 /* ViewController.swift */; };
		1858B75E22C26E5100052A75 /* Main.storyboard in Resources */ = {isa = PBXBuildFile; fileRef = 1858B75C22C26E5100052A75 /* Main.storyboard */; };
		1858B76122C26E5100052A75 /* oliviaSViewFinder.xcdatamodeld in Sources */ = {isa = PBXBuildFile; fileRef = 1858B75F22C26E5100052A75 /* oliviaSViewFinder.xcdatamodeld */; };
		1858B76322C26E5200052A75 /* Assets.xcassets in Resources */ = {isa = PBXBuildFile; fileRef = 1858B76222C26E5200052A75 /* Assets.xcassets */; };
		1858B76622C26E5200052A75 /* LaunchScreen.storyboard in Resources */ = {isa = PBXBuildFile; fileRef = 1858B76422C26E5200052A75 /* LaunchScreen.storyboard */; };
/* End PBXBuildFile section */

/* Begin PBXFileReference section */
		1858B75522C26E5100052A75 /* oliviaSViewFinder.app */ = {isa = PBXFileReference; explicitFileType = wrapper.application; includeInIndex = 0; path = oliviaSViewFinder.app; sourceTree = BUILT_PRODUCTS_DIR; };
		1858B75822C26E5100052A75 /* AppDelegate.swift */ = {isa = PBXFileReference; lastKnownFileType = sourcecode.swift; path = AppDelegate.swift; sourceTree = "<group>"; };
		1858B75A22C26E5100052A75 /* ViewController.swift */ = {isa = PBXFileReference; lastKnownFileType = sourcecode.swift; path = ViewController.swift; sourceTree = "<group>"; };
		1858B75D22C26E5100052A75 /* Base */ = {isa = PBXFileReference; lastKnownFileType = file.storyboard; name = Base; path = Base.lproj/Main.storyboard; sourceTree = "<group>"; };
		1858B76022C26E5100052A75 /* oliviaSViewFinder.xcdatamodel */ = {isa = PBXFileReference; lastKnownFileType = wrapper.xcdatamodel; path = oliviaSViewFinder.xcdatamodel; sourceTree = "<group>"; };
		1858B76222C26E5200052A75 /* Assets.xcassets */ = {isa = PBXFileReference; lastKnownFileType = folder.assetcatalog; path = Assets.xcassets; sourceTree = "<group>"; };
		1858B76522C26E5200052A75 /* Base */ = {isa = PBXFileReference; lastKnownFileType = file.storyboard; name = Base; path = Base.lproj/LaunchScreen.storyboard; sourceTree = "<group>"; };
		1858B76722C26E5200052A75 /* Info.plist */ = {isa = PBXFileReference; lastKnownFileType = text.plist.xml; path = Info.plist; sourceTree = "<group>"; };
/* End PBXFileReference section */

/* Begin PBXFrameworksBuildPhase section */
		1858B75222C26E5100052A75 /* Frameworks */ = {
			isa = PBXFrameworksBuildPhase;
			buildActionMask = 2147483647;
			files = (
			);
			runOnlyForDeploymentPostprocessing = 0;
		};
/* End PBXFrameworksBuildPhase section */

/* Begin PBXGroup section */
		1858B74C22C26E5100052A75 = {
			isa = PBXGroup;
			children = (
				1858B75722C26E5100052A75 /* oliviaSViewFinder */,
				1858B75622C26E5100052A75 /* Products */,
			);
			sourceTree = "<group>";
		};
		1858B75622C26E5100052A75 /* Products */ = {
			isa = PBXGroup;
			children = (
				1858B75522C26E5100052A75 /* oliviaSViewFinder.app */,
			);
			name = Products;
			sourceTree = "<group>";
		};
		1858B75722C26E5100052A75 /* oliviaSViewFinder */ = {
			isa = PBXGroup;
			children = (
				1858B75822C26E5100052A75 /* AppDelegate.swift */,
				1858B75A22C26E5100052A75 /* ViewController.swift */,
				1858B75C22C26E5100052A75 /* Main.storyboard */,
				1858B76222C26E5200052A75 /* Assets.xcassets */,
				1858B76422C26E5200052A75 /* LaunchScreen.storyboard */,
				1858B76722C26E5200052A75 /* Info.plist */,
				1858B75F22C26E5100052A75 /* oliviaSViewFinder.xcdatamodeld */,
			);
			path = oliviaSViewFinder;
			sourceTree = "<group>";
		};
/* End PBXGroup section */

/* Begin PBXNativeTarget section */
		1858B75422C26E5100052A75 /* oliviaSViewFinder */ = {
			isa = PBXNativeTarget;
			buildConfigurationList = 1858B76A22C26E5200052A75 /* Build configuration list for PBXNativeTarget "oliviaSViewFinder" */;
			buildPhases = (
				1858B75122C26E5100052A75 /* Sources */,
				1858B75222C26E5100052A75 /* Frameworks */,
				1858B75322C26E5100052A75 /* Resources */,
			);
			buildRules = (
			);
			dependencies = (
			);
			name = oliviaSViewFinder;
			productName = oliviaSViewFinder;
			productReference = 1858B75522C26E5100052A75 /* oliviaSViewFinder.app */;
			productType = "com.apple.product-type.application";
		};
/* End PBXNativeTarget section */

/* Begin PBXProject section */
		1858B74D22C26E5100052A75 /* Project object */ = {
			isa = PBXProject;
			attributes = {
				LastSwiftUpdateCheck = 1020;
				LastUpgradeCheck = 1020;
				ORGANIZATIONNAME = "Olivia Starkweather";
				TargetAttributes = {
					1858B75422C26E5100052A75 = {
						CreatedOnToolsVersion = 10.2.1;
					};
				};
			};
			buildConfigurationList = 1858B75022C26E5100052A75 /* Build configuration list for PBXProject "oliviaSViewFinder" */;
			compatibilityVersion = "Xcode 9.3";
			developmentRegion = en;
			hasScannedForEncodings = 0;
			knownRegions = (
				en,
				Base,
			);
			mainGroup = 1858B74C22C26E5100052A75;
			productRefGroup = 1858B75622C26E5100052A75 /* Products */;
			projectDirPath = "";
			projectRoot = "";
			targets = (
				1858B75422C26E5100052A75 /* oliviaSViewFinder */,
			);
		};
/* End PBXProject section */

/* Begin PBXResourcesBuildPhase section */
		1858B75322C26E5100052A75 /* Resources */ = {
			isa = PBXResourcesBuildPhase;
			buildActionMask = 2147483647;
			files = (
				1858B76622C26E5200052A75 /* LaunchScreen.storyboard in Resources */,
				1858B76322C26E5200052A75 /* Assets.xcassets in Resources */,
				1858B75E22C26E5100052A75 /* Main.storyboard in Resources */,
			);
			runOnlyForDeploymentPostprocessing = 0;
		};
/* End PBXResourcesBuildPhase section */

/* Begin PBXSourcesBuildPhase section */
		1858B75122C26E5100052A75 /* Sources */ = {
			isa = PBXSourcesBuildPhase;
			buildActionMask = 2147483647;
			files = (
				1858B76122C26E5100052A75 /* oliviaSViewFinder.xcdatamodeld in Sources */,
				1858B75B22C26E5100052A75 /* ViewController.swift in Sources */,
				1858B75922C26E5100052A75 /* AppDelegate.swift in Sources */,
			);
			runOnlyForDeploymentPostprocessing = 0;
		};
/* End PBXSourcesBuildPhase section */

/* Begin PBXVariantGroup section */
		1858B75C22C26E5100052A75 /* Main.storyboard */ = {
			isa = PBXVariantGroup;
			children = (
				1858B75D22C26E5100052A75 /* Base */,
			);
			name = Main.storyboard;
			sourceTree = "<group>";
		};
		1858B76422C26E5200052A75 /* LaunchScreen.storyboard */ = {
			isa = PBXVariantGroup;
			children = (
				1858B76522C26E5200052A75 /* Base */,
			);
			name = LaunchScreen.storyboard;
			sourceTree = "<group>";
		};
/* End PBXVariantGroup section */

/* Begin XCBuildConfiguration section */
		1858B76822C26E5200052A75 /* Debug */ = {
			isa = XCBuildConfiguration;
			buildSettings = {
				ALWAYS_SEARCH_USER_PATHS = NO;
				CLANG_ANALYZER_NONNULL = YES;
				CLANG_ANALYZER_NUMBER_OBJECT_CONVERSION = YES_AGGRESSIVE;
				CLANG_CXX_LANGUAGE_STANDARD = "gnu++14";
				CLANG_CXX_LIBRARY = "libc++";
				CLANG_ENABLE_MODULES = YES;
				CLANG_ENABLE_OBJC_ARC = YES;
				CLANG_ENABLE_OBJC_WEAK = YES;
				CLANG_WARN_BLOCK_CAPTURE_AUTORELEASING = YES;
				CLANG_WARN_BOOL_CONVERSION = YES;
				CLANG_WARN_COMMA = YES;
				CLANG_WARN_CONSTANT_CONVERSION = YES;
				CLANG_WARN_DEPRECATED_OBJC_IMPLEMENTATIONS = YES;
				CLANG_WARN_DIRECT_OBJC_ISA_USAGE = YES_ERROR;
				CLANG_WARN_DOCUMENTATION_COMMENTS = YES;
				CLANG_WARN_EMPTY_BODY = YES;
				CLANG_WARN_ENUM_CONVERSION = YES;
				CLANG_WARN_INFINITE_RECURSION = YES;
				CLANG_WARN_INT_CONVERSION = YES;
				CLANG_WARN_NON_LITERAL_NULL_CONVERSION = YES;
				CLANG_WARN_OBJC_IMPLICIT_RETAIN_SELF = YES;
				CLANG_WARN_OBJC_LITERAL_CONVERSION = YES;
				CLANG_WARN_OBJC_ROOT_CLASS = YES_ERROR;
				CLANG_WARN_RANGE_LOOP_ANALYSIS = YES;
				CLANG_WARN_STRICT_PROTOTYPES = YES;
				CLANG_WARN_SUSPICIOUS_MOVE = YES;
				CLANG_WARN_UNGUARDED_AVAILABILITY = YES_AGGRESSIVE;
				CLANG_WARN_UNREACHABLE_CODE = YES;
				CLANG_WARN__DUPLICATE_METHOD_MATCH = YES;
				CODE_SIGN_IDENTITY = "iPhone Developer";
				COPY_PHASE_STRIP = NO;
				DEBUG_INFORMATION_FORMAT = dwarf;
				ENABLE_STRICT_OBJC_MSGSEND = YES;
				ENABLE_TESTABILITY = YES;
				GCC_C_LANGUAGE_STANDARD = gnu11;
				GCC_DYNAMIC_NO_PIC = NO;
				GCC_NO_COMMON_BLOCKS = YES;
				GCC_OPTIMIZATION_LEVEL = 0;
				GCC_PREPROCESSOR_DEFINITIONS = (
					"DEBUG=1",
					"$(inherited)",
				);
				GCC_WARN_64_TO_32_BIT_CONVERSION = YES;
				GCC_WARN_ABOUT_RETURN_TYPE = YES_ERROR;
				GCC_WARN_UNDECLARED_SELECTOR = YES;
				GCC_WARN_UNINITIALIZED_AUTOS = YES_AGGRESSIVE;
				GCC_WARN_UNUSED_FUNCTION = YES;
				GCC_WARN_UNUSED_VARIABLE = YES;
				IPHONEOS_DEPLOYMENT_TARGET = 12.2;
				MTL_ENABLE_DEBUG_INFO = INCLUDE_SOURCE;
				MTL_FAST_MATH = YES;
				ONLY_ACTIVE_ARCH = YES;
				SDKROOT = iphoneos;
				SWIFT_ACTIVE_COMPILATION_CONDITIONS = DEBUG;
				SWIFT_OPTIMIZATION_LEVEL = "-Onone";
			};
			name = Debug;
		};
		1858B76922C26E5200052A75 /* Release */ = {
			isa = XCBuildConfiguration;
			buildSettings = {
				ALWAYS_SEARCH_USER_PATHS = NO;
				CLANG_ANALYZER_NONNULL = YES;
				CLANG_ANALYZER_NUMBER_OBJECT_CONVERSION = YES_AGGRESSIVE;
				CLANG_CXX_LANGUAGE_STANDARD = "gnu++14";
				CLANG_CXX_LIBRARY = "libc++";
				CLANG_ENABLE_MODULES = YES;
				CLANG_ENABLE_OBJC_ARC = YES;
				CLANG_ENABLE_OBJC_WEAK = YES;
				CLANG_WARN_BLOCK_CAPTURE_AUTORELEASING = YES;
				CLANG_WARN_BOOL_CONVERSION = YES;
				CLANG_WARN_COMMA = YES;
				CLANG_WARN_CONSTANT_CONVERSION = YES;
				CLANG_WARN_DEPRECATED_OBJC_IMPLEMENTATIONS = YES;
				CLANG_WARN_DIRECT_OBJC_ISA_USAGE = YES_ERROR;
				CLANG_WARN_DOCUMENTATION_COMMENTS = YES;
				CLANG_WARN_EMPTY_BODY = YES;
				CLANG_WARN_ENUM_CONVERSION = YES;
				CLANG_WARN_INFINITE_RECURSION = YES;
				CLANG_WARN_INT_CONVERSION = YES;
				CLANG_WARN_NON_LITERAL_NULL_CONVERSION = YES;
				CLANG_WARN_OBJC_IMPLICIT_RETAIN_SELF = YES;
				CLANG_WARN_OBJC_LITERAL_CONVERSION = YES;
				CLANG_WARN_OBJC_ROOT_CLASS = YES_ERROR;
				CLANG_WARN_RANGE_LOOP_ANALYSIS = YES;
				CLANG_WARN_STRICT_PROTOTYPES = YES;
				CLANG_WARN_SUSPICIOUS_MOVE = YES;
				CLANG_WARN_UNGUARDED_AVAILABILITY = YES_AGGRESSIVE;
				CLANG_WARN_UNREACHABLE_CODE = YES;
				CLANG_WARN__DUPLICATE_METHOD_MATCH = YES;
				CODE_SIGN_IDENTITY = "iPhone Developer";
				COPY_PHASE_STRIP = NO;
				DEBUG_INFORMATION_FORMAT = "dwarf-with-dsym";
				ENABLE_NS_ASSERTIONS = NO;
				ENABLE_STRICT_OBJC_MSGSEND = YES;
				GCC_C_LANGUAGE_STANDARD = gnu11;
				GCC_NO_COMMON_BLOCKS = YES;
				GCC_WARN_64_TO_32_BIT_CONVERSION = YES;
				GCC_WARN_ABOUT_RETURN_TYPE = YES_ERROR;
				GCC_WARN_UNDECLARED_SELECTOR = YES;
				GCC_WARN_UNINITIALIZED_AUTOS = YES_AGGRESSIVE;
				GCC_WARN_UNUSED_FUNCTION = YES;
				GCC_WARN_UNUSED_VARIABLE = YES;
				IPHONEOS_DEPLOYMENT_TARGET = 12.2;
				MTL_ENABLE_DEBUG_INFO = NO;
				MTL_FAST_MATH = YES;
				SDKROOT = iphoneos;
				SWIFT_COMPILATION_MODE = wholemodule;
				SWIFT_OPTIMIZATION_LEVEL = "-O";
				VALIDATE_PRODUCT = YES;
			};
			name = Release;
		};
		1858B76B22C26E5200052A75 /* Debug */ = {
			isa = XCBuildConfiguration;
			buildSettings = {
				ASSETCATALOG_COMPILER_APPICON_NAME = AppIcon;
				CODE_SIGN_STYLE = Automatic;
				DEVELOPMENT_TEAM = 72R6CL3T4K;
				INFOPLIST_FILE = oliviaSViewFinder/Info.plist;
				LD_RUNPATH_SEARCH_PATHS = (
					"$(inherited)",
					"@executable_path/Frameworks",
				);
				PRODUCT_BUNDLE_IDENTIFIER = KWK.oliviaSViewFinder;
				PRODUCT_NAME = "$(TARGET_NAME)";
				SWIFT_VERSION = 5.0;
				TARGETED_DEVICE_FAMILY = "1,2";
			};
			name = Debug;
		};
		1858B76C22C26E5200052A75 /* Release */ = {
			isa = XCBuildConfiguration;
			buildSettings = {
				ASSETCATALOG_COMPILER_APPICON_NAME = AppIcon;
				CODE_SIGN_STYLE = Automatic;
				DEVELOPMENT_TEAM = 72R6CL3T4K;
				INFOPLIST_FILE = oliviaSViewFinder/Info.plist;
				LD_RUNPATH_SEARCH_PATHS = (
					"$(inherited)",
					"@executable_path/Frameworks",
				);
				PRODUCT_BUNDLE_IDENTIFIER = KWK.oliviaSViewFinder;
				PRODUCT_NAME = "$(TARGET_NAME)";
				SWIFT_VERSION = 5.0;
				TARGETED_DEVICE_FAMILY = "1,2";
			};
			name = Release;
		};
/* End XCBuildConfiguration section */

/* Begin XCConfigurationList section */
		1858B75022C26E5100052A75 /* Build configuration list for PBXProject "oliviaSViewFinder" */ = {
			isa = XCConfigurationList;
			buildConfigurations = (
				1858B76822C26E5200052A75 /* Debug */,
				1858B76922C26E5200052A75 /* Release */,
			);
			defaultConfigurationIsVisible = 0;
			defaultConfigurationName = Release;
		};
		1858B76A22C26E5200052A75 /* Build configuration list for PBXNativeTarget "oliviaSViewFinder" */ = {
			isa = XCConfigurationList;
			buildConfigurations = (
				1858B76B22C26E5200052A75 /* Debug */,
				1858B76C22C26E5200052A75 /* Release */,
			);
			defaultConfigurationIsVisible = 0;
			defaultConfigurationName = Release;
		};
/* End XCConfigurationList section */

/* Begin XCVersionGroup section */
		1858B75F22C26E5100052A75 /* oliviaSViewFinder.xcdatamodeld */ = {
			isa = XCVersionGroup;
			children = (
				1858B76022C26E5100052A75 /* oliviaSViewFinder.xcdatamodel */,
			);
			currentVersion = 1858B76022C26E5100052A75 /* oliviaSViewFinder.xcdatamodel */;
			path = oliviaSViewFinder.xcdatamodeld;
			sourceTree = "<group>";
			versionGroupType = wrapper.xcdatamodel;
		};
/* End XCVersionGroup section */
	};
	rootObject = 1858B74D22C26E5100052A75 /* Project object */;
}
